DEPENDENCIES
  simplare-base (~> 0.1)

GRAPH
  build-essential (6.0.0)
    compat_resource (>= 12.10)
    mingw (>= 1.1)
    seven_zip (>= 0.0.0)
  chef_handler (1.4.0)
  compat_resource (12.10.6)
  dmg (2.4.0)
  git (4.5.0)
    build-essential (>= 0.0.0)
    dmg (>= 0.0.0)
    windows (>= 0.0.0)
    yum-epel (>= 0.0.0)
  mingw (1.2.0)
    compat_resource (>= 0.0.0)
    seven_zip (>= 0.0.0)
  multipackage (3.0.28)
    compat_resource (>= 0.0.0)
  oh-my-zsh (0.4.4)
    git (>= 0.0.0)
    users (>= 0.0.0)
    zsh (>= 0.0.0)
  seven_zip (2.0.1)
    windows (>= 1.2.2)
  simplare-base (0.1.0)
    oh-my-zsh (>= 0.0.0)
    yum-epel (>= 0.0.0)
  users (2.0.3)
  windows (1.43.0)
    chef_handler (>= 0.0.0)
  yum (3.11.0)
  yum-epel (0.7.0)
    yum (>= 3.6.3)
  zsh (2.0.0)
    multipackage (~> 3.0)
